github.com/go-jet/jet/v2 v2.11.1/go.mod h1:+DTofDkGp1c0vpooXWEZyNhyi0k0mL7N2W9tdP4YqfA=
github.com/jackc/pgx/v5 v5.7.1/go.mod h1:e7O26IywZZ+naJtWWos6i6fvWK+29etgITqrqHLfoZA=
gorm.io/datatypes v1.2.5/go.mod h1:I5FUdlKpLb5PMqeMQhm30CQ6jXP8Rj89xkTeCSAaAD4=
gorm.io/driver/postgres v1.5.9/go.mod h1:DX3GReXH+3FPWGrrgffdvCk3DQ1dwDPdmbenSkweRGI=
gorm.io/gorm v1.25.12/go.mod h1:xh7N7RHfYlNc5EmcI/El95gXusucDrQnHXe0+CgWcLQ=
